<?xml version="1.0" encoding="utf-8"?>
<Project ToolsVersion="4.0" xmlns="http://schemas.microsoft.com/developer/msbuild/2003">
  <ItemGroup>
    <Filter Include="Resource Files">
      <UniqueIdentifier>{67DA6AB6-F800-4c08-8B7A-83BB121AAD01}</UniqueIdentifier>
      <Extensions>rc;ico;cur;bmp;dlg;rc2;rct;bin;rgs;gif;jpg;jpeg;jpe;resx;tiff;tif;png;wav;mfcribbon-ms</Extensions>
    </Filter>
    <Filter Include="Source Files">
      <UniqueIdentifier>{4058c670-eef0-454e-a23c-67ec280d4fd6}</UniqueIdentifier>
    </Filter>
    <Filter Include="Header Files">
      <UniqueIdentifier>{af9f5881-a32c-4ec1-ac3b-b796fbecf90f}</UniqueIdentifier>
    </Filter>
    <Filter Include="Shaders">
      <UniqueIdentifier>{b18149b0-50ba-4a5a-8553-2473845892d6}</UniqueIdentifier>
    </Filter>
    <Filter Include="imgui">
      <UniqueIdentifier>{01dbef16-ce69-427c-844e-de5f821f2988}</UniqueIdentifier>
    </Filter>
    <Filter Include="gmtk">
      <UniqueIdentifier>{acf47f16-9041-4364-8bf5-6e50cfd311b0}</UniqueIdentifier>
    </Filter>
    <Filter Include="gmtk\internal">
      <UniqueIdentifier>{a7287305-fff8-4dd4-8e8e-50e647ac90c3}</UniqueIdentifier>
    </Filter>
  </ItemGroup>
  <ItemGroup>
    <ClCompile Include="Camera.cpp">
      <Filter>Source Files</Filter>
    </ClCompile>
    <ClCompile Include="Game.cpp">
      <Filter>Source Files</Filter>
    </ClCompile>
    <ClCompile Include="main.cpp">
      <Filter>Source Files</Filter>
    </ClCompile>
    <ClCompile Include="ShaderProgram.cpp">
      <Filter>Source Files</Filter>
    </ClCompile>
    <ClCompile Include="Texture.cpp">
      <Filter>Source Files</Filter>
    </ClCompile>
    <ClCompile Include="Timer.cpp">
      <Filter>Source Files</Filter>
    </ClCompile>
    <ClCompile Include="Transform.cpp">
      <Filter>Source Files</Filter>
    </ClCompile>
    <ClCompile Include="Mesh.cpp">
      <Filter>Source Files</Filter>
    </ClCompile>
    <ClCompile Include="GameObject.cpp">
      <Filter>Source Files</Filter>
    </ClCompile>
    <ClCompile Include="IO.cpp">
      <Filter>Source Files</Filter>
    </ClCompile>
    <ClCompile Include="UniformBuffer.cpp">
      <Filter>Source Files</Filter>
    </ClCompile>
    <ClCompile Include="include\imgui\imgui.cpp">
      <Filter>imgui</Filter>
    </ClCompile>
    <ClCompile Include="include\imgui\imgui_demo.cpp">
      <Filter>imgui</Filter>
    </ClCompile>
    <ClCompile Include="include\imgui\imgui_draw.cpp">
      <Filter>imgui</Filter>
    </ClCompile>
    <ClCompile Include="include\imgui\imgui_impl.cpp">
      <Filter>imgui</Filter>
    </ClCompile>
    <ClCompile Include="ResourceManager.cpp">
      <Filter>Source Files</Filter>
    </ClCompile>
    <ClCompile Include="TextureCube.cpp">
      <Filter>Source Files</Filter>
    </ClCompile>
    <ClCompile Include="UI.cpp">
      <Filter>Source Files</Filter>
    </ClCompile>
    <ClCompile Include="VertexBufferObject.cpp">
      <Filter>Source Files</Filter>
    </ClCompile>
    <ClCompile Include="Light.cpp">
      <Filter>Source Files</Filter>
    </ClCompile>
    <ClCompile Include="Framebuffer.cpp">
      <Filter>Source Files</Filter>
    </ClCompile>
    <ClCompile Include="BasePlate.cpp">
      <Filter>Source Files</Filter>
    </ClCompile>
    <ClCompile Include="HITBOX2D.cpp">
      <Filter>Source Files</Filter>
    </ClCompile>
    <ClCompile Include="PhysicsBody.cpp">
      <Filter>Source Files</Filter>
    </ClCompile>
    <ClCompile Include="Field.cpp">
      <Filter>Source Files</Filter>
    </ClCompile>
    <ClCompile Include="Player.cpp">
      <Filter>Source Files</Filter>
    </ClCompile>
    <ClCompile Include="Destructable.cpp">
      <Filter>Source Files</Filter>
    </ClCompile>
    <ClCompile Include="Boundary.cpp">
      <Filter>Source Files</Filter>
    </ClCompile>
    <ClCompile Include="Weapon.cpp">
      <Filter>Source Files</Filter>
    </ClCompile>
    <ClCompile Include="WEAPON_Hammer.cpp">
      <Filter>Source Files</Filter>
    </ClCompile>
    <ClCompile Include="WEAPON_Mine.cpp">
      <Filter>Source Files</Filter>
    </ClCompile>
    <ClCompile Include="XinputManager.cpp">
      <Filter>Source Files</Filter>
    </ClCompile>
    <ClCompile Include="PostProcessBuffer.cpp">
      <Filter>Source Files</Filter>
    </ClCompile>
    <ClCompile Include="Material.cpp">
      <Filter>Source Files</Filter>
    </ClCompile>
    <ClCompile Include="Text.cpp">
      <Filter>Source Files</Filter>
    </ClCompile>
    <ClCompile Include="WEAPON_Axe.cpp">
      <Filter>Source Files</Filter>
    </ClCompile>
    <ClCompile Include="Powerup.cpp">
      <Filter>Source Files</Filter>
    </ClCompile>
  </ItemGroup>
  <ItemGroup>
    <ClInclude Include="Camera.h">
      <Filter>Header Files</Filter>
    </ClInclude>
    <ClInclude Include="Game.h">
      <Filter>Header Files</Filter>
    </ClInclude>
    <ClInclude Include="ShaderProgram.h">
      <Filter>Header Files</Filter>
    </ClInclude>
    <ClInclude Include="Texture.h">
      <Filter>Header Files</Filter>
    </ClInclude>
    <ClInclude Include="Timer.h">
      <Filter>Header Files</Filter>
    </ClInclude>
    <ClInclude Include="Transform.h">
      <Filter>Header Files</Filter>
    </ClInclude>
    <ClInclude Include="Mesh.h">
      <Filter>Header Files</Filter>
    </ClInclude>
    <ClInclude Include="GameObject.h">
      <Filter>Header Files</Filter>
    </ClInclude>
    <ClInclude Include="IO.h">
      <Filter>Header Files</Filter>
    </ClInclude>
    <ClInclude Include="UniformBuffer.h">
      <Filter>Header Files</Filter>
    </ClInclude>
    <ClInclude Include="ResourceManager.h">
      <Filter>Header Files</Filter>
    </ClInclude>
    <ClInclude Include="UI.h">
      <Filter>Header Files</Filter>
    </ClInclude>
    <ClInclude Include="include\imgui\imgui.h">
      <Filter>imgui</Filter>
    </ClInclude>
    <ClInclude Include="include\imgui\imgui_impl.h">
      <Filter>imgui</Filter>
    </ClInclude>
    <ClInclude Include="include\imgui\imgui_internal.h">
      <Filter>imgui</Filter>
    </ClInclude>
    <ClInclude Include="include\imgui\stb_rect_pack.h">
      <Filter>imgui</Filter>
    </ClInclude>
    <ClInclude Include="include\imgui\stb_textedit.h">
      <Filter>imgui</Filter>
    </ClInclude>
    <ClInclude Include="include\imgui\stb_truetype.h">
      <Filter>imgui</Filter>
    </ClInclude>
    <ClInclude Include="VertexBufferObject.h">
      <Filter>Header Files</Filter>
    </ClInclude>
    <ClInclude Include="Light.h">
      <Filter>Header Files</Filter>
    </ClInclude>
    <ClInclude Include="include\gmtk\angle.h">
      <Filter>gmtk</Filter>
    </ClInclude>
    <ClInclude Include="include\gmtk\gmtk.h">
      <Filter>gmtk</Filter>
    </ClInclude>
    <ClInclude Include="include\gmtk\half.h">
      <Filter>gmtk</Filter>
    </ClInclude>
    <ClInclude Include="include\gmtk\matrix.h">
      <Filter>gmtk</Filter>
    </ClInclude>
    <ClInclude Include="include\gmtk\quaternion.h">
      <Filter>gmtk</Filter>
    </ClInclude>
    <ClInclude Include="include\gmtk\util.h">
      <Filter>gmtk</Filter>
    </ClInclude>
    <ClInclude Include="include\gmtk\vector.h">
      <Filter>gmtk</Filter>
    </ClInclude>
    <ClInclude Include="include\gmtk\internal\mat.h">
      <Filter>gmtk\internal</Filter>
    </ClInclude>
    <ClInclude Include="include\gmtk\internal\mat2.h">
      <Filter>gmtk\internal</Filter>
    </ClInclude>
    <ClInclude Include="include\gmtk\internal\mat3.h">
      <Filter>gmtk\internal</Filter>
    </ClInclude>
    <ClInclude Include="include\gmtk\internal\mat4.h">
      <Filter>gmtk\internal</Filter>
    </ClInclude>
    <ClInclude Include="include\gmtk\internal\quat.h">
      <Filter>gmtk\internal</Filter>
    </ClInclude>
    <ClInclude Include="include\gmtk\internal\vec.h">
      <Filter>gmtk\internal</Filter>
    </ClInclude>
    <ClInclude Include="include\gmtk\internal\vec2.h">
      <Filter>gmtk\internal</Filter>
    </ClInclude>
    <ClInclude Include="include\gmtk\internal\vec3.h">
      <Filter>gmtk\internal</Filter>
    </ClInclude>
    <ClInclude Include="include\gmtk\internal\vec4.h">
      <Filter>gmtk\internal</Filter>
    </ClInclude>
    <ClInclude Include="TextureCube.h">
      <Filter>Header Files</Filter>
    </ClInclude>
    <ClInclude Include="include\gmtk\internal\swizzle2.h">
      <Filter>gmtk\internal</Filter>
    </ClInclude>
    <ClInclude Include="include\gmtk\internal\swizzle3.h">
      <Filter>gmtk\internal</Filter>
    </ClInclude>
    <ClInclude Include="include\gmtk\internal\swizzle4.h">
      <Filter>gmtk\internal</Filter>
    </ClInclude>
    <ClInclude Include="Framebuffer.h">
      <Filter>Header Files</Filter>
    </ClInclude>
    <ClInclude Include="BasePlate.h">
      <Filter>Header Files</Filter>
    </ClInclude>
    <ClInclude Include="Player.h">
      <Filter>Header Files</Filter>
    </ClInclude>
    <ClInclude Include="Boundary.h">
      <Filter>Header Files</Filter>
    </ClInclude>
    <ClInclude Include="Destructable.h">
      <Filter>Header Files</Filter>
    </ClInclude>
    <ClInclude Include="HITBOX2D.h">
      <Filter>Header Files</Filter>
    </ClInclude>
    <ClInclude Include="PhysicsBody.h">
      <Filter>Header Files</Filter>
    </ClInclude>
    <ClInclude Include="Field.h">
      <Filter>Header Files</Filter>
    </ClInclude>
    <ClInclude Include="Weapon.h">
      <Filter>Header Files</Filter>
    </ClInclude>
    <ClInclude Include="WEAPON_Hammer.h">
      <Filter>Header Files</Filter>
    </ClInclude>
    <ClInclude Include="WEAPON_Mine.h">
      <Filter>Header Files</Filter>
    </ClInclude>
    <ClInclude Include="XinputManager.h">
      <Filter>Header Files</Filter>
    </ClInclude>
    <ClInclude Include="PostProcessBuffer.h">
      <Filter>Header Files</Filter>
    </ClInclude>
    <ClInclude Include="Material.h">
      <Filter>Header Files</Filter>
    </ClInclude>
    <ClInclude Include="Text.h">
      <Filter>Header Files</Filter>
    </ClInclude>
    <ClInclude Include="WEAPON_Axe.h">
      <Filter>Header Files</Filter>
    </ClInclude>
    <ClInclude Include="Powerup.h">
      <Filter>Header Files</Filter>
    </ClInclude>
  </ItemGroup>
  <ItemGroup>
    <None Include="include\gmtk\LICENSE.md">
      <Filter>gmtk</Filter>
    </None>
    <None Include="include\gmtk\README.md">
      <Filter>gmtk</Filter>
    </None>
    <None Include="..\assets\shaders\BASIC.frag">
      <Filter>Shaders</Filter>
    </None>
    <None Include="..\assets\shaders\DynamicLights.frag">
      <Filter>Shaders</Filter>
    </None>
    <None Include="..\assets\shaders\ERROR.frag">
      <Filter>Shaders</Filter>
    </None>
    <None Include="..\assets\shaders\ERROR.vert">
      <Filter>Shaders</Filter>
    </None>
    <None Include="..\assets\shaders\EXPLODE.frag">
      <Filter>Shaders</Filter>
    </None>
    <None Include="..\assets\shaders\EXPLODE.vert">
      <Filter>Shaders</Filter>
    </None>
    <None Include="..\assets\shaders\EXPLODE_COMIC.frag">
      <Filter>Shaders</Filter>
    </None>
    <None Include="..\assets\shaders\FINAL_RENDER.frag">
      <Filter>Shaders</Filter>
    </None>
    <None Include="..\assets\shaders\GenericPost.vert">
      <Filter>Shaders</Filter>
    </None>
    <None Include="..\assets\shaders\GreyScalePost.frag">
      <Filter>Shaders</Filter>
    </None>
    <None Include="..\assets\shaders\HalfNHalf.frag">
      <Filter>Shaders</Filter>
    </None>
    <None Include="..\assets\shaders\INITIAL_RENDER.frag">
      <Filter>Shaders</Filter>
    </None>
    <None Include="..\assets\shaders\MINE.frag">
      <Filter>Shaders</Filter>
    </None>
    <None Include="..\assets\shaders\MINE_COMIC.frag">
      <Filter>Shaders</Filter>
    </None>
    <None Include="..\assets\shaders\PHONG.frag">
      <Filter>Shaders</Filter>
    </None>
    <None Include="..\assets\shaders\Player.vert">
      <Filter>Shaders</Filter>
    </None>
    <None Include="..\assets\shaders\StaticGeo.vert">
      <Filter>Shaders</Filter>
    </None>
    <None Include="..\assets\shaders\UIgeo.vert">
      <Filter>Shaders</Filter>
    </None>
    <None Include="..\assets\shaders\FINAL_RENDER_DIRECTIONAL.frag">
      <Filter>Shaders</Filter>
    </None>
    <None Include="..\assets\shaders\FINAL_RENDER_POINT.frag">
      <Filter>Shaders</Filter>
    </None>
    <None Include="..\assets\shaders\FINAL_RENDER_SPOTLIGHT.frag">
      <Filter>Shaders</Filter>
    </None>
    <None Include="..\assets\shaders\StaticBob.vert">
      <Filter>Shaders</Filter>
    </None>
    <None Include="..\assets\shaders\LIGHT_GEO.vert">
      <Filter>Shaders</Filter>
    </None>
    <None Include="..\assets\shaders\COMBINED_DRAW.frag">
      <Filter>Shaders</Filter>
    </None>
    <None Include="..\assets\shaders\Radial Blur.frag">
      <Filter>Shaders</Filter>
    </None>
    <None Include="..\assets\shaders\Blur Horizontal.frag">
      <Filter>Shaders</Filter>
    </None>
    <None Include="..\assets\shaders\Blur Vertical.frag">
      <Filter>Shaders</Filter>
    </None>
    <None Include="..\assets\shaders\BLUR_EMISSIVE_OUTPUT.frag">
      <Filter>Shaders</Filter>
    </None>
    <None Include="..\assets\shaders\TextGeo.vert">
      <Filter>Shaders</Filter>
    </None>
    <None Include="..\assets\shaders\TextTexture.frag">
      <Filter>Shaders</Filter>
    </None>
    <None Include="..\assets\shaders\POST_TEXT.frag">
      <Filter>Shaders</Filter>
    </None>
    <None Include="..\assets\shaders\POST_TEXT.vert">
      <Filter>Shaders</Filter>
    </None>
    <None Include="..\assets\shaders\DepthSort.frag">
      <Filter>Shaders</Filter>
    </None>
    <None Include="..\assets\shaders\POWERUP_RENDER.frag">
      <Filter>Shaders</Filter>
    </None>
    <None Include="..\assets\shaders\Lighter.frag">
      <Filter>Shaders</Filter>
    </None>
  </ItemGroup>
</Project>